
Microsoft Visual Studio Solution File, Format Version 12.00
# Visual Studio Version 16
VisualStudioVersion = 16.0.29709.97
MinimumVisualStudioVersion = 10.0.40219.1
Project("{FAE04EC0-301F-11D3-BF4B-00C04F79EFBC}") = "LPPA_Ejercicios", "LPPA_Ejercicios\LPPA_Ejercicios.csproj", "{571EED31-8885-46F2-8D7B-FBAB3763BA70}"
EndProject
Global
	GlobalSection(SolutionConfigurationPlatforms) = preSolution
		Debug|Any CPU = Debug|Any CPU
		Release|Any CPU = Release|Any CPU
	EndGlobalSection
	GlobalSection(ProjectConfigurationPlatforms) = postSolution
		{571EED31-8885-46F2-8D7B-FBAB3763BA70}.Debug|Any CPU.ActiveCfg = Debug|Any CPU
		{571EED31-8885-46F2-8D7B-FBAB3763BA70}.Debug|Any CPU.Build.0 = Debug|Any CPU
		{571EED31-8885-46F2-8D7B-FBAB3763BA70}.Release|Any CPU.ActiveCfg = Release|Any CPU
		{571EED31-8885-46F2-8D7B-FBAB3763BA70}.Release|Any CPU.Build.0 = Release|Any CPU
	EndGlobalSection
	GlobalSection(SolutionProperties) = preSolution
		HideSolutionNode = FALSE
	EndGlobalSection
	GlobalSection(ExtensibilityGlobals) = postSolution
		SolutionGuid = {F5DCBB94-F692-4E60-8567-7CDABB8ECEF8}
	EndGlobalSection
EndGlobal
